// !$*UTF8*$!
{
	archiveVersion = 1;
	classes = {
	};
	objectVersion = 46;
	objects = {

/* Begin PBXBuildFile section */
		7B2A801D1B1EDB23006D675E /* AppDelegate.swift in Sources */ = {isa = PBXBuildFile; fileRef = 7B2A801C1B1EDB23006D675E /* AppDelegate.swift */; };
		7B2A80221B1EDB23006D675E /* Main.storyboard in Resources */ = {isa = PBXBuildFile; fileRef = 7B2A80201B1EDB23006D675E /* Main.storyboard */; };
		7B2A80241B1EDB23006D675E /* Images.xcassets in Resources */ = {isa = PBXBuildFile; fileRef = 7B2A80231B1EDB23006D675E /* Images.xcassets */; };
		7B2A80271B1EDB23006D675E /* LaunchScreen.xib in Resources */ = {isa = PBXBuildFile; fileRef = 7B2A80251B1EDB23006D675E /* LaunchScreen.xib */; };
		7B2A80331B1EDB24006D675E /* PamelaTests.swift in Sources */ = {isa = PBXBuildFile; fileRef = 7B2A80321B1EDB24006D675E /* PamelaTests.swift */; };
		7B2A803F1B1EE3B6006D675E /* CategoryViewController.swift in Sources */ = {isa = PBXBuildFile; fileRef = 7B2A803E1B1EE3B6006D675E /* CategoryViewController.swift */; };
		7B5D64591B60909A001A552A /* ProjectInfomationViewController.swift in Sources */ = {isa = PBXBuildFile; fileRef = 7B5D64581B60909A001A552A /* ProjectInfomationViewController.swift */; };
		7B65F0911B268795000FBA6B /* PamelaViewController.swift in Sources */ = {isa = PBXBuildFile; fileRef = 7B65F0901B268795000FBA6B /* PamelaViewController.swift */; };
		7B8C48C81B6611FC004D7C42 /* LoginViewController.swift in Sources */ = {isa = PBXBuildFile; fileRef = 7B8C48C71B6611FC004D7C42 /* LoginViewController.swift */; };
		7BCEF0631B2521600013DA39 /* DiaryViewController.swift in Sources */ = {isa = PBXBuildFile; fileRef = 7BCEF0621B2521600013DA39 /* DiaryViewController.swift */; };
/* End PBXBuildFile section */

/* Begin PBXContainerItemProxy section */
		7B2A802D1B1EDB23006D675E /* PBXContainerItemProxy */ = {
			isa = PBXContainerItemProxy;
			containerPortal = 7B2A800F1B1EDB23006D675E /* Project object */;
			proxyType = 1;
			remoteGlobalIDString = 7B2A80161B1EDB23006D675E;
			remoteInfo = Pamela;
		};
/* End PBXContainerItemProxy section */

/* Begin PBXFileReference section */
		7B2A80171B1EDB23006D675E /* Pamela.app */ = {isa = PBXFileReference; explicitFileType = wrapper.application; includeInIndex = 0; path = Pamela.app; sourceTree = BUILT_PRODUCTS_DIR; };
		7B2A801B1B1EDB23006D675E /* Info.plist */ = {isa = PBXFileReference; lastKnownFileType = text.plist.xml; path = Info.plist; sourceTree = "<group>"; };
		7B2A801C1B1EDB23006D675E /* AppDelegate.swift */ = {isa = PBXFileReference; lastKnownFileType = sourcecode.swift; path = AppDelegate.swift; sourceTree = "<group>"; };
		7B2A80211B1EDB23006D675E /* Base */ = {isa = PBXFileReference; lastKnownFileType = file.storyboard; name = Base; path = Base.lproj/Main.storyboard; sourceTree = "<group>"; };
		7B2A80231B1EDB23006D675E /* Images.xcassets */ = {isa = PBXFileReference; lastKnownFileType = folder.assetcatalog; path = Images.xcassets; sourceTree = "<group>"; };
		7B2A80261B1EDB23006D675E /* Base */ = {isa = PBXFileReference; lastKnownFileType = file.xib; name = Base; path = Base.lproj/LaunchScreen.xib; sourceTree = "<group>"; };
		7B2A802C1B1EDB23006D675E /* PamelaTests.xctest */ = {isa = PBXFileReference; explicitFileType = wrapper.cfbundle; includeInIndex = 0; path = PamelaTests.xctest; sourceTree = BUILT_PRODUCTS_DIR; };
		7B2A80311B1EDB24006D675E /* Info.plist */ = {isa = PBXFileReference; lastKnownFileType = text.plist.xml; path = Info.plist; sourceTree = "<group>"; };
		7B2A80321B1EDB24006D675E /* PamelaTests.swift */ = {isa = PBXFileReference; lastKnownFileType = sourcecode.swift; path = PamelaTests.swift; sourceTree = "<group>"; };
		7B2A803E1B1EE3B6006D675E /* CategoryViewController.swift */ = {isa = PBXFileReference; fileEncoding = 4; lastKnownFileType = sourcecode.swift; path = CategoryViewController.swift; sourceTree = "<group>"; };
		7B5D64581B60909A001A552A /* ProjectInfomationViewController.swift */ = {isa = PBXFileReference; fileEncoding = 4; lastKnownFileType = sourcecode.swift; path = ProjectInfomationViewController.swift; sourceTree = "<group>"; };
		7B65F0901B268795000FBA6B /* PamelaViewController.swift */ = {isa = PBXFileReference; fileEncoding = 4; lastKnownFileType = sourcecode.swift; path = PamelaViewController.swift; sourceTree = "<group>"; };
		7B8C48C71B6611FC004D7C42 /* LoginViewController.swift */ = {isa = PBXFileReference; fileEncoding = 4; lastKnownFileType = sourcecode.swift; name = LoginViewController.swift; path = ../LoginViewController.swift; sourceTree = "<group>"; };
		7BCEF0621B2521600013DA39 /* DiaryViewController.swift */ = {isa = PBXFileReference; fileEncoding = 4; lastKnownFileType = sourcecode.swift; path = DiaryViewController.swift; sourceTree = "<group>"; };
/* End PBXFileReference section */

/* Begin PBXFrameworksBuildPhase section */
		7B2A80141B1EDB23006D675E /* Frameworks */ = {
			isa = PBXFrameworksBuildPhase;
			buildActionMask = 2147483647;
			files = (
			);
			runOnlyForDeploymentPostprocessing = 0;
		};
		7B2A80291B1EDB23006D675E /* Frameworks */ = {
			isa = PBXFrameworksBuildPhase;
			buildActionMask = 2147483647;
			files = (
			);
			runOnlyForDeploymentPostprocessing = 0;
		};
/* End PBXFrameworksBuildPhase section */

/* Begin PBXGroup section */
		7B2A800E1B1EDB23006D675E = {
			isa = PBXGroup;
			children = (
				7B2A80191B1EDB23006D675E /* Pamela */,
				7B2A802F1B1EDB23006D675E /* PamelaTests */,
				7B2A80181B1EDB23006D675E /* Products */,
			);
			sourceTree = "<group>";
		};
		7B2A80181B1EDB23006D675E /* Products */ = {
			isa = PBXGroup;
			children = (
				7B2A80171B1EDB23006D675E /* Pamela.app */,
				7B2A802C1B1EDB23006D675E /* PamelaTests.xctest */,
			);
			name = Products;
			sourceTree = "<group>";
		};
		7B2A80191B1EDB23006D675E /* Pamela */ = {
			isa = PBXGroup;
			children = (
				7B2A801C1B1EDB23006D675E /* AppDelegate.swift */,
				7B8C48C71B6611FC004D7C42 /* LoginViewController.swift */,
				7B2A803E1B1EE3B6006D675E /* CategoryViewController.swift */,
				7BCEF0621B2521600013DA39 /* DiaryViewController.swift */,
				7B5D64581B60909A001A552A /* ProjectInfomationViewController.swift */,
				7B65F0901B268795000FBA6B /* PamelaViewController.swift */,
				7B2A80201B1EDB23006D675E /* Main.storyboard */,
				7B2A80231B1EDB23006D675E /* Images.xcassets */,
				7B2A80251B1EDB23006D675E /* LaunchScreen.xib */,
				7B2A801A1B1EDB23006D675E /* Supporting Files */,
			);
			path = Pamela;
			sourceTree = "<group>";
		};
		7B2A801A1B1EDB23006D675E /* Supporting Files */ = {
			isa = PBXGroup;
			children = (
				7B2A801B1B1EDB23006D675E /* Info.plist */,
			);
			name = "Supporting Files";
			sourceTree = "<group>";
		};
		7B2A802F1B1EDB23006D675E /* PamelaTests */ = {
			isa = PBXGroup;
			children = (
				7B2A80321B1EDB24006D675E /* PamelaTests.swift */,
				7B2A80301B1EDB24006D675E /* Supporting Files */,
			);
			path = PamelaTests;
			sourceTree = "<group>";
		};
		7B2A80301B1EDB24006D675E /* Supporting Files */ = {
			isa = PBXGroup;
			children = (
				7B2A80311B1EDB24006D675E /* Info.plist */,
			);
			name = "Supporting Files";
			sourceTree = "<group>";
		};
/* End PBXGroup section */

/* Begin PBXNativeTarget section */
		7B2A80161B1EDB23006D675E /* Pamela */ = {
			isa = PBXNativeTarget;
			buildConfigurationList = 7B2A80361B1EDB24006D675E /* Build configuration list for PBXNativeTarget "Pamela" */;
			buildPhases = (
				7B2A80131B1EDB23006D675E /* Sources */,
				7B2A80141B1EDB23006D675E /* Frameworks */,
				7B2A80151B1EDB23006D675E /* Resources */,
			);
			buildRules = (
			);
			dependencies = (
			);
			name = Pamela;
			productName = Pamela;
			productReference = 7B2A80171B1EDB23006D675E /* Pamela.app */;
			productType = "com.apple.product-type.application";
		};
		7B2A802B1B1EDB23006D675E /* PamelaTests */ = {
			isa = PBXNativeTarget;
			buildConfigurationList = 7B2A80391B1EDB24006D675E /* Build configuration list for PBXNativeTarget "PamelaTests" */;
			buildPhases = (
				7B2A80281B1EDB23006D675E /* Sources */,
				7B2A80291B1EDB23006D675E /* Frameworks */,
				7B2A802A1B1EDB23006D675E /* Resources */,
			);
			buildRules = (
			);
			dependencies = (
				7B2A802E1B1EDB23006D675E /* PBXTargetDependency */,
			);
			name = PamelaTests;
			productName = PamelaTests;
			productReference = 7B2A802C1B1EDB23006D675E /* PamelaTests.xctest */;
			productType = "com.apple.product-type.bundle.unit-test";
		};
/* End PBXNativeTarget section */

/* Begin PBXProject section */
		7B2A800F1B1EDB23006D675E /* Project object */ = {
			isa = PBXProject;
			attributes = {
				LastSwiftMigration = 0720;
				LastSwiftUpdateCheck = 0720;
				LastUpgradeCheck = 0630;
				ORGANIZATIONNAME = "Bond Wong";
				TargetAttributes = {
					7B2A80161B1EDB23006D675E = {
						CreatedOnToolsVersion = 6.3.2;
					};
					7B2A802B1B1EDB23006D675E = {
						CreatedOnToolsVersion = 6.3.2;
						TestTargetID = 7B2A80161B1EDB23006D675E;
					};
				};
			};
			buildConfigurationList = 7B2A80121B1EDB23006D675E /* Build configuration list for PBXProject "Pamela" */;
			compatibilityVersion = "Xcode 3.2";
			developmentRegion = English;
			hasScannedForEncodings = 0;
			knownRegions = (
				en,
				Base,
			);
			mainGroup = 7B2A800E1B1EDB23006D675E;
			productRefGroup = 7B2A80181B1EDB23006D675E /* Products */;
			projectDirPath = "";
			projectRoot = "";
			targets = (
				7B2A80161B1EDB23006D675E /* Pamela */,
				7B2A802B1B1EDB23006D675E /* PamelaTests */,
			);
		};
/* End PBXProject section */

/* Begin PBXResourcesBuildPhase section */
		7B2A80151B1EDB23006D675E /* Resources */ = {
			isa = PBXResourcesBuildPhase;
			buildActionMask = 2147483647;
			files = (
				7B2A80221B1EDB23006D675E /* Main.storyboard in Resources */,
				7B2A80271B1EDB23006D675E /* LaunchScreen.xib in Resources */,
				7B2A80241B1EDB23006D675E /* Images.xcassets in Resources */,
			);
			runOnlyForDeploymentPostprocessing = 0;
		};
		7B2A802A1B1EDB23006D675E /* Resources */ = {
			isa = PBXResourcesBuildPhase;
			buildActionMask = 2147483647;
			files = (
			);
			runOnlyForDeploymentPostprocessing = 0;
		};
/* End PBXResourcesBuildPhase section */

/* Begin PBXSourcesBuildPhase section */
		7B2A80131B1EDB23006D675E /* Sources */ = {
			isa = PBXSourcesBuildPhase;
			buildActionMask = 2147483647;
			files = (
				7B8C48C81B6611FC004D7C42 /* LoginViewController.swift in Sources */,
				7B65F0911B268795000FBA6B /* PamelaViewController.swift in Sources */,
				7B2A803F1B1EE3B6006D675E /* CategoryViewController.swift in Sources */,
				7B5D64591B60909A001A552A /* ProjectInfomationViewController.swift in Sources */,
				7BCEF0631B2521600013DA39 /* DiaryViewController.swift in Sources */,
				7B2A801D1B1EDB23006D675E /* AppDelegate.swift in Sources */,
			);
			runOnlyForDeploymentPostprocessing = 0;
		};
		7B2A80281B1EDB23006D675E /* Sources */ = {
			isa = PBXSourcesBuildPhase;
			buildActionMask = 2147483647;
			files = (
				7B2A80331B1EDB24006D675E /* PamelaTests.swift in Sources */,
			);
			runOnlyForDeploymentPostprocessing = 0;
		};
/* End PBXSourcesBuildPhase section */

/* Begin PBXTargetDependency section */
		7B2A802E1B1EDB23006D675E /* PBXTargetDependency */ = {
			isa = PBXTargetDependency;
			target = 7B2A80161B1EDB23006D675E /* Pamela */;
			targetProxy = 7B2A802D1B1EDB23006D675E /* PBXContainerItemProxy */;
		};
/* End PBXTargetDependency section */

/* Begin PBXVariantGroup section */
		7B2A80201B1EDB23006D675E /* Main.storyboard */ = {
			isa = PBXVariantGroup;
			children = (
				7B2A80211B1EDB23006D675E /* Base */,
			);
			name = Main.storyboard;
			sourceTree = "<group>";
		};
		7B2A80251B1EDB23006D675E /* LaunchScreen.xib */ = {
			isa = PBXVariantGroup;
			children = (
				7B2A80261B1EDB23006D675E /* Base */,
			);
			name = LaunchScreen.xib;
			sourceTree = "<group>";
		};
/* End PBXVariantGroup section */

/* Begin XCBuildConfiguration section */
		7B2A80341B1EDB24006D675E /* Debug */ = {
			isa = XCBuildConfiguration;
			buildSettings = {
				ALWAYS_SEARCH_USER_PATHS = NO;
				CLANG_CXX_LANGUAGE_STANDARD = "gnu++0x";
				CLANG_CXX_LIBRARY = "libc++";
				CLANG_ENABLE_MODULES = YES;
				CLANG_ENABLE_OBJC_ARC = YES;
				CLANG_WARN_BOOL_CONVERSION = YES;
				CLANG_WARN_CONSTANT_CONVERSION = YES;
				CLANG_WARN_DIRECT_OBJC_ISA_USAGE = YES_ERROR;
				CLANG_WARN_EMPTY_BODY = YES;
				CLANG_WARN_ENUM_CONVERSION = YES;
				CLANG_WARN_INT_CONVERSION = YES;
				CLANG_WARN_OBJC_ROOT_CLASS = YES_ERROR;
				CLANG_WARN_UNREACHABLE_CODE = YES;
				CLANG_WARN__DUPLICATE_METHOD_MATCH = YES;
				"CODE_SIGN_IDENTITY[sdk=iphoneos*]" = "iPhone Developer";
				COPY_PHASE_STRIP = NO;
				DEBUG_INFORMATION_FORMAT = "dwarf-with-dsym";
				ENABLE_STRICT_OBJC_MSGSEND = YES;
				GCC_C_LANGUAGE_STANDARD = gnu99;
				GCC_DYNAMIC_NO_PIC = NO;
				GCC_NO_COMMON_BLOCKS = YES;
				GCC_OPTIMIZATION_LEVEL = 0;
				GCC_PREPROCESSOR_DEFINITIONS = (
					"DEBUG=1",
					"$(inherited)",
				);
				GCC_SYMBOLS_PRIVATE_EXTERN = NO;
				GCC_WARN_64_TO_32_BIT_CONVERSION = YES;
				GCC_WARN_ABOUT_RETURN_TYPE = YES_ERROR;
				GCC_WARN_UNDECLARED_SELECTOR = YES;
				GCC_WARN_UNINITIALIZED_AUTOS = YES_AGGRESSIVE;
				GCC_WARN_UNUSED_FUNCTION = YES;
				GCC_WARN_UNUSED_VARIABLE = YES;
				IPHONEOS_DEPLOYMENT_TARGET = 8.3;
				MTL_ENABLE_DEBUG_INFO = YES;
				ONLY_ACTIVE_ARCH = YES;
				SDKROOT = iphoneos;
				SWIFT_OPTIMIZATION_LEVEL = "-Onone";
			};
			name = Debug;
		};
		7B2A80351B1EDB24006D675E /* Release */ = {
			isa = XCBuildConfiguration;
			buildSettings = {
				ALWAYS_SEARCH_USER_PATHS = NO;
				CLANG_CXX_LANGUAGE_STANDARD = "gnu++0x";
				CLANG_CXX_LIBRARY = "libc++";
				CLANG_ENABLE_MODULES = YES;
				CLANG_ENABLE_OBJC_ARC = YES;
				CLANG_WARN_BOOL_CONVERSION = YES;
				CLANG_WARN_CONSTANT_CONVERSION = YES;
				CLANG_WARN_DIRECT_OBJC_ISA_USAGE = YES_ERROR;
				CLANG_WARN_EMPTY_BODY = YES;
				CLANG_WARN_ENUM_CONVERSION = YES;
				CLANG_WARN_INT_CONVERSION = YES;
				CLANG_WARN_OBJC_ROOT_CLASS = YES_ERROR;
				CLANG_WARN_UNREACHABLE_CODE = YES;
				CLANG_WARN__DUPLICATE_METHOD_MATCH = YES;
				"CODE_SIGN_IDENTITY[sdk=iphoneos*]" = "iPhone Developer";
				COPY_PHASE_STRIP = NO;
				DEBUG_INFORMATION_FORMAT = "dwarf-with-dsym";
				ENABLE_NS_ASSERTIONS = NO;
				ENABLE_STRICT_OBJC_MSGSEND = YES;
				GCC_C_LANGUAGE_STANDARD = gnu99;
				GCC_NO_COMMON_BLOCKS = YES;
				GCC_WARN_64_TO_32_BIT_CONVERSION = YES;
				GCC_WARN_ABOUT_RETURN_TYPE = YES_ERROR;
				GCC_WARN_UNDECLARED_SELECTOR = YES;
				GCC_WARN_UNINITIALIZED_AUTOS = YES_AGGRESSIVE;
				GCC_WARN_UNUSED_FUNCTION = YES;
				GCC_WARN_UNUSED_VARIABLE = YES;
				IPHONEOS_DEPLOYMENT_TARGET = 8.3;
				MTL_ENABLE_DEBUG_INFO = NO;
				SDKROOT = iphoneos;
				VALIDATE_PRODUCT = YES;
			};
			name = Release;
		};
		7B2A80371B1EDB24006D675E /* Debug */ = {
			isa = XCBuildConfiguration;
			buildSettings = {
				ASSETCATALOG_COMPILER_APPICON_NAME = AppIcon;
				INFOPLIST_FILE = Pamela/Info.plist;
				LD_RUNPATH_SEARCH_PATHS = "$(inherited) @executable_path/Frameworks";
				PRODUCT_NAME = "$(TARGET_NAME)";
				TARGETED_DEVICE_FAMILY = 1;
			};
			name = Debug;
		};
		7B2A80381B1EDB24006D675E /* Release */ = {
			isa = XCBuildConfiguration;
			buildSettings = {
				ASSETCATALOG_COMPILER_APPICON_NAME = AppIcon;
				INFOPLIST_FILE = Pamela/Info.plist;
				LD_RUNPATH_SEARCH_PATHS = "$(inherited) @executable_path/Frameworks";
				PRODUCT_NAME = "$(TARGET_NAME)";
				TARGETED_DEVICE_FAMILY = 1;
			};
			name = Release;
		};
		7B2A803A1B1EDB24006D675E /* Debug */ = {
			isa = XCBuildConfiguration;
			buildSettings = {
				BUNDLE_LOADER = "$(TEST_HOST)";
				FRAMEWORK_SEARCH_PATHS = (
					"$(SDKROOT)/Developer/Library/Frameworks",
					"$(inherited)",
				);
				GCC_PREPROCESSOR_DEFINITIONS = (
					"DEBUG=1",
					"$(inherited)",
				);
				INFOPLIST_FILE = PamelaTests/Info.plist;
				LD_RUNPATH_SEARCH_PATHS = "$(inherited) @executable_path/Frameworks @loader_path/Frameworks";
				PRODUCT_NAME = "$(TARGET_NAME)";
				TEST_HOST = "$(BUILT_PRODUCTS_DIR)/Pamela.app/Pamela";
			};
			name = Debug;
		};
		7B2A803B1B1EDB24006D675E /* Release */ = {
			isa = XCBuildConfiguration;
			buildSettings = {
				BUNDLE_LOADER = "$(TEST_HOST)";
				FRAMEWORK_SEARCH_PATHS = (
					"$(SDKROOT)/Developer/Library/Frameworks",
					"$(inherited)",
				);
				INFOPLIST_FILE = PamelaTests/Info.plist;
				LD_RUNPATH_SEARCH_PATHS = "$(inherited) @executable_path/Frameworks @loader_path/Frameworks";
				PRODUCT_NAME = "$(TARGET_NAME)";
				TEST_HOST = "$(BUILT_PRODUCTS_DIR)/Pamela.app/Pamela";
			};
			name = Release;
		};
/* End XCBuildConfiguration section */

/* Begin XCConfigurationList section */
		7B2A80121B1EDB23006D675E /* Build configuration list for PBXProject "Pamela" */ = {
			isa = XCConfigurationList;
			buildConfigurations = (
				7B2A80341B1EDB24006D675E /* Debug */,
				7B2A80351B1EDB24006D675E /* Release */,
			);
			defaultConfigurationIsVisible = 0;
			defaultConfigurationName = Release;
		};
		7B2A80361B1EDB24006D675E /* Build configuration list for PBXNativeTarget "Pamela" */ = {
			isa = XCConfigurationList;
			buildConfigurations = (
				7B2A80371B1EDB24006D675E /* Debug */,
				7B2A80381B1EDB24006D675E /* Release */,
			);
			defaultConfigurationIsVisible = 0;
			defaultConfigurationName = Release;
		};
		7B2A80391B1EDB24006D675E /* Build configuration list for PBXNativeTarget "PamelaTests" */ = {
			isa = XCConfigurationList;
			buildConfigurations = (
				7B2A803A1B1EDB24006D675E /* Debug */,
				7B2A803B1B1EDB24006D675E /* Release */,
			);
			defaultConfigurationIsVisible = 0;
			defaultConfigurationName = Release;
		};
/* End XCConfigurationList section */
	};
	rootObject = 7B2A800F1B1EDB23006D675E /* Project object */;
}
